
Microsoft Visual Studio Solution File, Format Version 12.00
# Visual Studio Version 17
VisualStudioVersion = 17.0.31903.59
MinimumVisualStudioVersion = 10.0.40219.1
Project("{2150E333-8FDC-42A3-9474-1A3956D46DE8}") = "src", "src", "{827E0CD3-B72D-47B6-A68D-7590B98EB39B}"
EndProject
Project("{FAE04EC0-301F-11D3-BF4B-00C04F79EFBC}") = "ExpensePlanner.Domain", "src\ExpensePlanner.Domain\ExpensePlanner.Domain.csproj", "{7D0EA7EA-FE91-4E4D-8818-3DF66E2EC8A6}"
EndProject
Project("{FAE04EC0-301F-11D3-BF4B-00C04F79EFBC}") = "ExpensePlanner.Application", "src\ExpensePlanner.Application\ExpensePlanner.Application.csproj", "{E7D08DB1-F6C6-48D1-8BC3-940A70AC73D8}"
EndProject
Project("{FAE04EC0-301F-11D3-BF4B-00C04F79EFBC}") = "ExpensePlanner.DataAccess", "src\ExpensePlanner.DataAccess\ExpensePlanner.DataAccess.csproj", "{13B2EAD6-7E46-4A3F-B539-DCBB84D3D895}"
EndProject
Project("{FAE04EC0-301F-11D3-BF4B-00C04F79EFBC}") = "ExpensePlanner.Api", "src\ExpensePlanner.Api\ExpensePlanner.Api.csproj", "{86D0C6B8-A2C1-44F8-A6EF-D94C512AE9FF}"
EndProject
Project("{2150E333-8FDC-42A3-9474-1A3956D46DE8}") = "tests", "tests", "{0AB3BF05-4346-4AA6-1389-037BE0695223}"
EndProject
Project("{FAE04EC0-301F-11D3-BF4B-00C04F79EFBC}") = "ExpensePlanner.Domain.Tests", "tests\ExpensePlanner.Domain.Tests\ExpensePlanner.Domain.Tests.csproj", "{0DC64FF0-525C-462F-B9AF-D5E607439934}"
EndProject
Project("{FAE04EC0-301F-11D3-BF4B-00C04F79EFBC}") = "ExpensePlanner.Application.Tests", "tests\ExpensePlanner.Application.Tests\ExpensePlanner.Application.Tests.csproj", "{C85C0BEF-B2C6-407E-B540-7214B0EE5FE7}"
EndProject
Project("{FAE04EC0-301F-11D3-BF4B-00C04F79EFBC}") = "ExpensePlanner.DataAccess.Tests", "tests\ExpensePlanner.DataAccess.Tests\ExpensePlanner.DataAccess.Tests.csproj", "{67DB5F02-94D9-4EE6-8B3C-68E6D00F3BB5}"
EndProject
Global
	GlobalSection(SolutionConfigurationPlatforms) = preSolution
		Debug|Any CPU = Debug|Any CPU
		Debug|x64 = Debug|x64
		Debug|x86 = Debug|x86
		Release|Any CPU = Release|Any CPU
		Release|x64 = Release|x64
		Release|x86 = Release|x86
	EndGlobalSection
	GlobalSection(ProjectConfigurationPlatforms) = postSolution
		{7D0EA7EA-FE91-4E4D-8818-3DF66E2EC8A6}.Debug|Any CPU.ActiveCfg = Debug|Any CPU
		{7D0EA7EA-FE91-4E4D-8818-3DF66E2EC8A6}.Debug|Any CPU.Build.0 = Debug|Any CPU
		{7D0EA7EA-FE91-4E4D-8818-3DF66E2EC8A6}.Debug|x64.ActiveCfg = Debug|Any CPU
		{7D0EA7EA-FE91-4E4D-8818-3DF66E2EC8A6}.Debug|x64.Build.0 = Debug|Any CPU
		{7D0EA7EA-FE91-4E4D-8818-3DF66E2EC8A6}.Debug|x86.ActiveCfg = Debug|Any CPU
		{7D0EA7EA-FE91-4E4D-8818-3DF66E2EC8A6}.Debug|x86.Build.0 = Debug|Any CPU
		{7D0EA7EA-FE91-4E4D-8818-3DF66E2EC8A6}.Release|Any CPU.ActiveCfg = Release|Any CPU
		{7D0EA7EA-FE91-4E4D-8818-3DF66E2EC8A6}.Release|Any CPU.Build.0 = Release|Any CPU
		{7D0EA7EA-FE91-4E4D-8818-3DF66E2EC8A6}.Release|x64.ActiveCfg = Release|Any CPU
		{7D0EA7EA-FE91-4E4D-8818-3DF66E2EC8A6}.Release|x64.Build.0 = Release|Any CPU
		{7D0EA7EA-FE91-4E4D-8818-3DF66E2EC8A6}.Release|x86.ActiveCfg = Release|Any CPU
		{7D0EA7EA-FE91-4E4D-8818-3DF66E2EC8A6}.Release|x86.Build.0 = Release|Any CPU
		{E7D08DB1-F6C6-48D1-8BC3-940A70AC73D8}.Debug|Any CPU.ActiveCfg = Debug|Any CPU
		{E7D08DB1-F6C6-48D1-8BC3-940A70AC73D8}.Debug|Any CPU.Build.0 = Debug|Any CPU
		{E7D08DB1-F6C6-48D1-8BC3-940A70AC73D8}.Debug|x64.ActiveCfg = Debug|Any CPU
		{E7D08DB1-F6C6-48D1-8BC3-940A70AC73D8}.Debug|x64.Build.0 = Debug|Any CPU
		{E7D08DB1-F6C6-48D1-8BC3-940A70AC73D8}.Debug|x86.ActiveCfg = Debug|Any CPU
		{E7D08DB1-F6C6-48D1-8BC3-940A70AC73D8}.Debug|x86.Build.0 = Debug|Any CPU
		{E7D08DB1-F6C6-48D1-8BC3-940A70AC73D8}.Release|Any CPU.ActiveCfg = Release|Any CPU
		{E7D08DB1-F6C6-48D1-8BC3-940A70AC73D8}.Release|Any CPU.Build.0 = Release|Any CPU
		{E7D08DB1-F6C6-48D1-8BC3-940A70AC73D8}.Release|x64.ActiveCfg = Release|Any CPU
		{E7D08DB1-F6C6-48D1-8BC3-940A70AC73D8}.Release|x64.Build.0 = Release|Any CPU
		{E7D08DB1-F6C6-48D1-8BC3-940A70AC73D8}.Release|x86.ActiveCfg = Release|Any CPU
		{E7D08DB1-F6C6-48D1-8BC3-940A70AC73D8}.Release|x86.Build.0 = Release|Any CPU
		{13B2EAD6-7E46-4A3F-B539-DCBB84D3D895}.Debug|Any CPU.ActiveCfg = Debug|Any CPU
		{13B2EAD6-7E46-4A3F-B539-DCBB84D3D895}.Debug|Any CPU.Build.0 = Debug|Any CPU
		{13B2EAD6-7E46-4A3F-B539-DCBB84D3D895}.Debug|x64.ActiveCfg = Debug|Any CPU
		{13B2EAD6-7E46-4A3F-B539-DCBB84D3D895}.Debug|x64.Build.0 = Debug|Any CPU
		{13B2EAD6-7E46-4A3F-B539-DCBB84D3D895}.Debug|x86.ActiveCfg = Debug|Any CPU
		{13B2EAD6-7E46-4A3F-B539-DCBB84D3D895}.Debug|x86.Build.0 = Debug|Any CPU
		{13B2EAD6-7E46-4A3F-B539-DCBB84D3D895}.Release|Any CPU.ActiveCfg = Release|Any CPU
		{13B2EAD6-7E46-4A3F-B539-DCBB84D3D895}.Release|Any CPU.Build.0 = Release|Any CPU
		{13B2EAD6-7E46-4A3F-B539-DCBB84D3D895}.Release|x64.ActiveCfg = Release|Any CPU
		{13B2EAD6-7E46-4A3F-B539-DCBB84D3D895}.Release|x64.Build.0 = Release|Any CPU
		{13B2EAD6-7E46-4A3F-B539-DCBB84D3D895}.Release|x86.ActiveCfg = Release|Any CPU
		{13B2EAD6-7E46-4A3F-B539-DCBB84D3D895}.Release|x86.Build.0 = Release|Any CPU
		{86D0C6B8-A2C1-44F8-A6EF-D94C512AE9FF}.Debug|Any CPU.ActiveCfg = Debug|Any CPU
		{86D0C6B8-A2C1-44F8-A6EF-D94C512AE9FF}.Debug|Any CPU.Build.0 = Debug|Any CPU
		{86D0C6B8-A2C1-44F8-A6EF-D94C512AE9FF}.Debug|x64.ActiveCfg = Debug|Any CPU
		{86D0C6B8-A2C1-44F8-A6EF-D94C512AE9FF}.Debug|x64.Build.0 = Debug|Any CPU
		{86D0C6B8-A2C1-44F8-A6EF-D94C512AE9FF}.Debug|x86.ActiveCfg = Debug|Any CPU
		{86D0C6B8-A2C1-44F8-A6EF-D94C512AE9FF}.Debug|x86.Build.0 = Debug|Any CPU
		{86D0C6B8-A2C1-44F8-A6EF-D94C512AE9FF}.Release|Any CPU.ActiveCfg = Release|Any CPU
		{86D0C6B8-A2C1-44F8-A6EF-D94C512AE9FF}.Release|Any CPU.Build.0 = Release|Any CPU
		{86D0C6B8-A2C1-44F8-A6EF-D94C512AE9FF}.Release|x64.ActiveCfg = Release|Any CPU
		{86D0C6B8-A2C1-44F8-A6EF-D94C512AE9FF}.Release|x64.Build.0 = Release|Any CPU
		{86D0C6B8-A2C1-44F8-A6EF-D94C512AE9FF}.Release|x86.ActiveCfg = Release|Any CPU
		{86D0C6B8-A2C1-44F8-A6EF-D94C512AE9FF}.Release|x86.Build.0 = Release|Any CPU
		{0DC64FF0-525C-462F-B9AF-D5E607439934}.Debug|Any CPU.ActiveCfg = Debug|Any CPU
		{0DC64FF0-525C-462F-B9AF-D5E607439934}.Debug|Any CPU.Build.0 = Debug|Any CPU
		{0DC64FF0-525C-462F-B9AF-D5E607439934}.Debug|x64.ActiveCfg = Debug|Any CPU
		{0DC64FF0-525C-462F-B9AF-D5E607439934}.Debug|x64.Build.0 = Debug|Any CPU
		{0DC64FF0-525C-462F-B9AF-D5E607439934}.Debug|x86.ActiveCfg = Debug|Any CPU
		{0DC64FF0-525C-462F-B9AF-D5E607439934}.Debug|x86.Build.0 = Debug|Any CPU
		{0DC64FF0-525C-462F-B9AF-D5E607439934}.Release|Any CPU.ActiveCfg = Release|Any CPU
		{0DC64FF0-525C-462F-B9AF-D5E607439934}.Release|Any CPU.Build.0 = Release|Any CPU
		{0DC64FF0-525C-462F-B9AF-D5E607439934}.Release|x64.ActiveCfg = Release|Any CPU
		{0DC64FF0-525C-462F-B9AF-D5E607439934}.Release|x64.Build.0 = Release|Any CPU
		{0DC64FF0-525C-462F-B9AF-D5E607439934}.Release|x86.ActiveCfg = Release|Any CPU
		{0DC64FF0-525C-462F-B9AF-D5E607439934}.Release|x86.Build.0 = Release|Any CPU
		{C85C0BEF-B2C6-407E-B540-7214B0EE5FE7}.Debug|Any CPU.ActiveCfg = Debug|Any CPU
		{C85C0BEF-B2C6-407E-B540-7214B0EE5FE7}.Debug|Any CPU.Build.0 = Debug|Any CPU
		{C85C0BEF-B2C6-407E-B540-7214B0EE5FE7}.Debug|x64.ActiveCfg = Debug|Any CPU
		{C85C0BEF-B2C6-407E-B540-7214B0EE5FE7}.Debug|x64.Build.0 = Debug|Any CPU
		{C85C0BEF-B2C6-407E-B540-7214B0EE5FE7}.Debug|x86.ActiveCfg = Debug|Any CPU
		{C85C0BEF-B2C6-407E-B540-7214B0EE5FE7}.Debug|x86.Build.0 = Debug|Any CPU
		{C85C0BEF-B2C6-407E-B540-7214B0EE5FE7}.Release|Any CPU.ActiveCfg = Release|Any CPU
		{C85C0BEF-B2C6-407E-B540-7214B0EE5FE7}.Release|Any CPU.Build.0 = Release|Any CPU
		{C85C0BEF-B2C6-407E-B540-7214B0EE5FE7}.Release|x64.ActiveCfg = Release|Any CPU
		{C85C0BEF-B2C6-407E-B540-7214B0EE5FE7}.Release|x64.Build.0 = Release|Any CPU
		{C85C0BEF-B2C6-407E-B540-7214B0EE5FE7}.Release|x86.ActiveCfg = Release|Any CPU
		{C85C0BEF-B2C6-407E-B540-7214B0EE5FE7}.Release|x86.Build.0 = Release|Any CPU
		{67DB5F02-94D9-4EE6-8B3C-68E6D00F3BB5}.Debug|Any CPU.ActiveCfg = Debug|Any CPU
		{67DB5F02-94D9-4EE6-8B3C-68E6D00F3BB5}.Debug|Any CPU.Build.0 = Debug|Any CPU
		{67DB5F02-94D9-4EE6-8B3C-68E6D00F3BB5}.Debug|x64.ActiveCfg = Debug|Any CPU
		{67DB5F02-94D9-4EE6-8B3C-68E6D00F3BB5}.Debug|x64.Build.0 = Debug|Any CPU
		{67DB5F02-94D9-4EE6-8B3C-68E6D00F3BB5}.Debug|x86.ActiveCfg = Debug|Any CPU
		{67DB5F02-94D9-4EE6-8B3C-68E6D00F3BB5}.Debug|x86.Build.0 = Debug|Any CPU
		{67DB5F02-94D9-4EE6-8B3C-68E6D00F3BB5}.Release|Any CPU.ActiveCfg = Release|Any CPU
		{67DB5F02-94D9-4EE6-8B3C-68E6D00F3BB5}.Release|Any CPU.Build.0 = Release|Any CPU
		{67DB5F02-94D9-4EE6-8B3C-68E6D00F3BB5}.Release|x64.ActiveCfg = Release|Any CPU
		{67DB5F02-94D9-4EE6-8B3C-68E6D00F3BB5}.Release|x64.Build.0 = Release|Any CPU
		{67DB5F02-94D9-4EE6-8B3C-68E6D00F3BB5}.Release|x86.ActiveCfg = Release|Any CPU
		{67DB5F02-94D9-4EE6-8B3C-68E6D00F3BB5}.Release|x86.Build.0 = Release|Any CPU
	EndGlobalSection
	GlobalSection(SolutionProperties) = preSolution
		HideSolutionNode = FALSE
	EndGlobalSection
	GlobalSection(NestedProjects) = preSolution
		{7D0EA7EA-FE91-4E4D-8818-3DF66E2EC8A6} = {827E0CD3-B72D-47B6-A68D-7590B98EB39B}
		{E7D08DB1-F6C6-48D1-8BC3-940A70AC73D8} = {827E0CD3-B72D-47B6-A68D-7590B98EB39B}
		{13B2EAD6-7E46-4A3F-B539-DCBB84D3D895} = {827E0CD3-B72D-47B6-A68D-7590B98EB39B}
		{86D0C6B8-A2C1-44F8-A6EF-D94C512AE9FF} = {827E0CD3-B72D-47B6-A68D-7590B98EB39B}
		{0DC64FF0-525C-462F-B9AF-D5E607439934} = {0AB3BF05-4346-4AA6-1389-037BE0695223}
		{C85C0BEF-B2C6-407E-B540-7214B0EE5FE7} = {0AB3BF05-4346-4AA6-1389-037BE0695223}
		{67DB5F02-94D9-4EE6-8B3C-68E6D00F3BB5} = {0AB3BF05-4346-4AA6-1389-037BE0695223}
	EndGlobalSection
EndGlobal
